
Microsoft Visual Studio Solution File, Format Version 12.00
# Visual Studio Version 17
VisualStudioVersion = 17.0.32112.339
MinimumVisualStudioVersion = 10.0.40219.1
Project("{FAE04EC0-301F-11D3-BF4B-00C04F79EFBC}") = "LiveChat.API", "LiveChat.API\LiveChat.API.csproj", "{0582389A-7997-4074-9D52-096AD22BA344}"
EndProject
Global
	GlobalSection(SolutionConfigurationPlatforms) = preSolution
		Debug|Any CPU = Debug|Any CPU
		Release|Any CPU = Release|Any CPU
	EndGlobalSection
	GlobalSection(ProjectConfigurationPlatforms) = postSolution
		{0582389A-7997-4074-9D52-096AD22BA344}.Debug|Any CPU.ActiveCfg = Debug|Any CPU
		{0582389A-7997-4074-9D52-096AD22BA344}.Debug|Any CPU.Build.0 = Debug|Any CPU
		{0582389A-7997-4074-9D52-096AD22BA344}.Release|Any CPU.ActiveCfg = Release|Any CPU
		{0582389A-7997-4074-9D52-096AD22BA344}.Release|Any CPU.Build.0 = Release|Any CPU
	EndGlobalSection
	GlobalSection(SolutionProperties) = preSolution
		HideSolutionNode = FALSE
	EndGlobalSection
	GlobalSection(ExtensibilityGlobals) = postSolution
		SolutionGuid = {57B2C112-4AA5-4A99-935C-62A4148A02E6}
	EndGlobalSection
EndGlobal
